# THIS IS AN AUTOGENERATED FILE. DO NOT EDIT THIS FILE DIRECTLY.
# yarn lockfile v1


"@sentry/apm@5.19.1":
  version "5.19.1"
  resolved "https://registry.yarnpkg.com/@sentry/apm/-/apm-5.19.1.tgz#cdd1d68075b2c904473d32b8e933ad292c2e3628"
  integrity sha512-ueW0ulXBIbbVpM6YwUtZKtxvYxoMEYywNbN7hWjECRWBjKSCuIl6sE92uUgv7UvpmBL5f2hE+NufCSvp/RVZjg==
  dependencies:
    "@sentry/browser" "5.19.1"
    "@sentry/hub" "5.19.1"
    "@sentry/minimal" "5.19.1"
    "@sentry/types" "5.19.1"
    "@sentry/utils" "5.19.1"
    tslib "^1.9.3"

"@sentry/browser@5.19.1":
  version "5.19.1"
  resolved "https://registry.yarnpkg.com/@sentry/browser/-/browser-5.19.1.tgz#b22f36fc71f36719ad352a54e6b31722622128c0"
  integrity sha512-Aon5Nc2n8sIXKg6Xbr4RM3/Xs7vFpXksL56z3yIuGrmpCM8ToQ25/tQv8h+anYi72x5bn1npzaXB/NwU1Qwfhg==
  dependencies:
    "@sentry/core" "5.19.1"
    "@sentry/types" "5.19.1"
    "@sentry/utils" "5.19.1"
    tslib "^1.9.3"

"@sentry/core@5.19.1":
  version "5.19.1"
  resolved "https://registry.yarnpkg.com/@sentry/core/-/core-5.19.1.tgz#f5ff7feb1118035f75f1d0bc2a76e2b040d2aa8e"
  integrity sha512-BGGxjeT95Og/hloBhQXAVcndVXPmIU6drtF3oKRT12cBpiG965xEDEUwiJVvyb5MAvojdVEZBK2LURUFY/d7Zw==
  dependencies:
    "@sentry/hub" "5.19.1"
    "@sentry/minimal" "5.19.1"
    "@sentry/types" "5.19.1"
    "@sentry/utils" "5.19.1"
    tslib "^1.9.3"

"@sentry/hub@5.19.1":
  version "5.19.1"
  resolved "https://registry.yarnpkg.com/@sentry/hub/-/hub-5.19.1.tgz#f3bc8500680974ce43c1eedcd8e90696cc18b306"
  integrity sha512-XjfbNGWVeDsP38alm5Cm08YPIw5Hu6HbPkw7a3y1piViTrg4HdtsE+ZJqq0YcURo2RTpg6Ks6coCS/zJxIPygQ==
  dependencies:
    "@sentry/types" "5.19.1"
    "@sentry/utils" "5.19.1"
    tslib "^1.9.3"

"@sentry/minimal@5.19.1":
  version "5.19.1"
  resolved "https://registry.yarnpkg.com/@sentry/minimal/-/minimal-5.19.1.tgz#04043d93a7dc90cbed1a31d80f6bf59688ea3100"
  integrity sha512-pgNfsaCroEsC8gv+NqmPTIkj4wyK6ZgYLV12IT4k2oJLkGyg45TSAKabyB7oEP5jsj8sRzm8tDomu8M4HpaCHg==
  dependencies:
    "@sentry/hub" "5.19.1"
    "@sentry/types" "5.19.1"
    tslib "^1.9.3"

"@sentry/node@^5.19.0":
  version "5.19.1"
  resolved "https://registry.yarnpkg.com/@sentry/node/-/node-5.19.1.tgz#6b0f0972c118e99b72c46b516288661e39d3161e"
  integrity sha512-BW5jxC1rssGIotmO78k8AZwtv8gHNWsQ+Jh6VZjOG0lMSD8wbBlEvF/97K2WwzaFLPj5UuEhRmQgLtC4NCrXbw==
  dependencies:
    "@sentry/apm" "5.19.1"
    "@sentry/core" "5.19.1"
    "@sentry/hub" "5.19.1"
    "@sentry/types" "5.19.1"
    "@sentry/utils" "5.19.1"
    cookie "^0.3.1"
    https-proxy-agent "^4.0.0"
    lru_map "^0.3.3"
    tslib "^1.9.3"

"@sentry/types@5.19.1":
  version "5.19.1"
  resolved "https://registry.yarnpkg.com/@sentry/types/-/types-5.19.1.tgz#8762f668d3fc2416fbde31d15d13009544caeb54"
  integrity sha512-M5MhTLnjqYFwxMwcFPBpBgYQqI9hCvtVuj/A+NvcBHpe7VWOXdn/Sys+zD6C76DWGFYQdw3OWCsZimP24dL8mA==

"@sentry/utils@5.19.1":
  version "5.19.1"
  resolved "https://registry.yarnpkg.com/@sentry/utils/-/utils-5.19.1.tgz#e1134db40e4bb9732251e515721cec7ee94d4d9c"
  integrity sha512-neUiNBnZSHjWTZWy2QV02EHTx1C2L3DBPzRXlh0ca5xrI7LMBLmhkHlhebn1E5ky3PW1teqZTgmh0jZoL99TEA==
  dependencies:
    "@sentry/types" "5.19.1"
    tslib "^1.9.3"

agent-base@5:
  version "5.1.1"
  resolved "https://registry.yarnpkg.com/agent-base/-/agent-base-5.1.1.tgz#e8fb3f242959db44d63be665db7a8e739537a32c"
  integrity sha512-TMeqbNl2fMW0nMjTEPOwe3J/PRFP4vqeoNuQMG0HlMrtm5QxKqdvAkZ1pRBQ/ulIyDD5Yq0nJ7YbdD8ey0TO3g==

cookie@^0.3.1:
  version "0.3.1"
  resolved "https://registry.yarnpkg.com/cookie/-/cookie-0.3.1.tgz#e7e0a1f9ef43b4c8ba925c5c5a96e806d16873bb"
  integrity sha1-5+Ch+e9DtMi6klxcWpboBtFoc7s=

debug@4:
  version "4.1.1"
  resolved "https://registry.yarnpkg.com/debug/-/debug-4.1.1.tgz#3b72260255109c6b589cee050f1d516139664791"
  integrity sha512-pYAIzeRo8J6KPEaJ0VWOh5Pzkbw/RetuzehGM7QRRX5he4fPHx2rdKMB256ehJCkX+XRQm16eZLqLNS8RSZXZw==
  dependencies:
    ms "^2.1.1"

https-proxy-agent@^4.0.0:
  version "4.0.0"
  resolved "https://registry.yarnpkg.com/https-proxy-agent/-/https-proxy-agent-4.0.0.tgz#702b71fb5520a132a66de1f67541d9e62154d82b"
  integrity sha512-zoDhWrkR3of1l9QAL8/scJZyLu8j/gBkcwcaQOZh7Gyh/+uJQzGVETdgT30akuwkpL8HTRfssqI3BZuV18teDg==
  dependencies:
    agent-base "5"
    debug "4"

lru_map@^0.3.3:
  version "0.3.3"
  resolved "https://registry.yarnpkg.com/lru_map/-/lru_map-0.3.3.tgz#b5c8351b9464cbd750335a79650a0ec0e56118dd"
  integrity sha1-tcg1G5Rky9dQM1p5ZQoOwOVhGN0=

ms@^2.1.1:
  version "2.1.2"
  resolved "https://registry.yarnpkg.com/ms/-/ms-2.1.2.tgz#d09d1f357b443f493382a8eb3ccd183872ae6009"
  integrity sha512-sGkPx+VjMtmA6MX27oA4FBFELFCZZ4S4XqeGOXCv68tT+jb3vk/RyaKWP0PTKyWtmLSM0b+adUTEvbs1PEaH2w==

node-fetch@^2.6.0:
  version "2.6.0"
  resolved "https://registry.yarnpkg.com/node-fetch/-/node-fetch-2.6.0.tgz#e633456386d4aa55863f676a7ab0daa8fdecb0fd"
  integrity sha512-8dG4H5ujfvFiqDmVu9fQ5bOHUC15JMjMY/Zumv26oOvvVJjM67KF8koCWIabKQ1GJIa9r2mMZscBq/TbdOcmNA==

tslib@^1.9.3:
  version "1.13.0"
  resolved "https://registry.yarnpkg.com/tslib/-/tslib-1.13.0.tgz#c881e13cc7015894ed914862d276436fa9a47043"
  integrity sha512-i/6DQjL8Xf3be4K/E6Wgpekn5Qasl1usyw++dAA35Ue5orEn65VIxOA+YvNNl9HV3qv70T7CNwjODHZrLwvd1Q==

typy@^3.3.0:
  version "3.3.0"
  resolved "https://registry.yarnpkg.com/typy/-/typy-3.3.0.tgz#ed06e93f3329c87e3cee0df892929acffeb69eaa"
  integrity sha512-Du53deMF9X9pSM3gVXDjLBq14BUfZWSGKfmmR1kTlg953RaIZehfc8fQuoAiW+SRO6bJsP+59mv1tsH8vwKghg==
